
Microsoft Visual Studio Solution File, Format Version 12.00
# Visual Studio Version 17
VisualStudioVersion = 17.14.36401.2 d17.14
MinimumVisualStudioVersion = 10.0.40219.1
Project("{FAE04EC0-301F-11D3-BF4B-00C04F79EFBC}") = "AsyncAwait", "AsyncAwait\AsyncAwait.csproj", "{0A339A8D-B91F-4266-AAAA-0FCA8C5EBC68}"
EndProject
Global
	GlobalSection(SolutionConfigurationPlatforms) = preSolution
		Debug|Any CPU = Debug|Any CPU
		Release|Any CPU = Release|Any CPU
	EndGlobalSection
	GlobalSection(ProjectConfigurationPlatforms) = postSolution
		{0A339A8D-B91F-4266-AAAA-0FCA8C5EBC68}.Debug|Any CPU.ActiveCfg = Debug|Any CPU
		{0A339A8D-B91F-4266-AAAA-0FCA8C5EBC68}.Debug|Any CPU.Build.0 = Debug|Any CPU
		{0A339A8D-B91F-4266-AAAA-0FCA8C5EBC68}.Release|Any CPU.ActiveCfg = Release|Any CPU
		{0A339A8D-B91F-4266-AAAA-0FCA8C5EBC68}.Release|Any CPU.Build.0 = Release|Any CPU
	EndGlobalSection
	GlobalSection(SolutionProperties) = preSolution
		HideSolutionNode = FALSE
	EndGlobalSection
	GlobalSection(ExtensibilityGlobals) = postSolution
		SolutionGuid = {8D3C9BE7-35B5-406B-9F8F-DE0CE213E573}
	EndGlobalSection
EndGlobal
